{
  "name": "react-responsive-table",
  "version": "0.0.1",
  "lockfileVersion": 1,
  "dependencies": {
    "react-addons-test-utils": {
      "version": "15.6.0",
      "resolved": "https://registry.npmjs.org/react-addons-test-utils/-/react-addons-test-utils-15.6.0.tgz",
      "integrity": "sha1-Bi02EX/o0Y87peBuszODsLhepbk=",
      "dev": true
    }
  }
}
